
Microsoft Visual Studio Solution File, Format Version 12.00
# Visual Studio 15
VisualStudioVersion = 15.0.27703.2018
MinimumVisualStudioVersion = 10.0.40219.1
Project("{FAE04EC0-301F-11D3-BF4B-00C04F79EFBC}") = "PrismGanttChart", "PrismGanttChart\PrismGanttChart.csproj", "{A42CC37E-F0E4-4913-B6D2-3C057DB80B5A}"
EndProject
Project("{FAE04EC0-301F-11D3-BF4B-00C04F79EFBC}") = "GanttChart", "GanttChart\GanttChart.csproj", "{39FFAC4F-6975-4953-9312-BAF4B11F06FF}"
EndProject
Global
	GlobalSection(SolutionConfigurationPlatforms) = preSolution
		Debug|Any CPU = Debug|Any CPU
		Release|Any CPU = Release|Any CPU
	EndGlobalSection
	GlobalSection(ProjectConfigurationPlatforms) = postSolution
		{A42CC37E-F0E4-4913-B6D2-3C057DB80B5A}.Debug|Any CPU.ActiveCfg = Debug|Any CPU
		{A42CC37E-F0E4-4913-B6D2-3C057DB80B5A}.Debug|Any CPU.Build.0 = Debug|Any CPU
		{A42CC37E-F0E4-4913-B6D2-3C057DB80B5A}.Release|Any CPU.ActiveCfg = Release|Any CPU
		{A42CC37E-F0E4-4913-B6D2-3C057DB80B5A}.Release|Any CPU.Build.0 = Release|Any CPU
		{39FFAC4F-6975-4953-9312-BAF4B11F06FF}.Debug|Any CPU.ActiveCfg = Debug|Any CPU
		{39FFAC4F-6975-4953-9312-BAF4B11F06FF}.Debug|Any CPU.Build.0 = Debug|Any CPU
		{39FFAC4F-6975-4953-9312-BAF4B11F06FF}.Release|Any CPU.ActiveCfg = Release|Any CPU
		{39FFAC4F-6975-4953-9312-BAF4B11F06FF}.Release|Any CPU.Build.0 = Release|Any CPU
	EndGlobalSection
	GlobalSection(SolutionProperties) = preSolution
		HideSolutionNode = FALSE
	EndGlobalSection
	GlobalSection(ExtensibilityGlobals) = postSolution
		SolutionGuid = {12B19BDB-BADF-4C29-A6BF-D6D06AD31A11}
	EndGlobalSection
EndGlobal
